// !$*UTF8*$!
{
	archiveVersion = 1;
	classes = {
	};
	objectVersion = 56;
	objects = {

/* Begin PBXBuildFile section */
		6DB000C22962487B001653AF /* AppDelegate.swift in Sources */ = {isa = PBXBuildFile; fileRef = 6DB000C12962487B001653AF /* AppDelegate.swift */; };
		6DB000C42962487B001653AF /* SceneDelegate.swift in Sources */ = {isa = PBXBuildFile; fileRef = 6DB000C32962487B001653AF /* SceneDelegate.swift */; };
		6DB000C62962487B001653AF /* RMTabBarController.swift in Sources */ = {isa = PBXBuildFile; fileRef = 6DB000C52962487B001653AF /* RMTabBarController.swift */; };
		6DB000CB2962487B001653AF /* Assets.xcassets in Resources */ = {isa = PBXBuildFile; fileRef = 6DB000CA2962487B001653AF /* Assets.xcassets */; };
		6DB000CE2962487B001653AF /* LaunchScreen.storyboard in Resources */ = {isa = PBXBuildFile; fileRef = 6DB000CC2962487B001653AF /* LaunchScreen.storyboard */; };
		6DB000DD29624B0D001653AF /* RMLocation.swift in Sources */ = {isa = PBXBuildFile; fileRef = 6DB000DC29624B0D001653AF /* RMLocation.swift */; };
		6DB000DF29624B16001653AF /* RMCharacter.swift in Sources */ = {isa = PBXBuildFile; fileRef = 6DB000DE29624B16001653AF /* RMCharacter.swift */; };
		6DB000E129624B24001653AF /* RMEpisode.swift in Sources */ = {isa = PBXBuildFile; fileRef = 6DB000E029624B24001653AF /* RMEpisode.swift */; };
		6DB000E429624BE7001653AF /* RMCharacterViewController.swift in Sources */ = {isa = PBXBuildFile; fileRef = 6DB000E329624BE7001653AF /* RMCharacterViewController.swift */; };
		6DB000E629624C13001653AF /* RMLocationViewController.swift in Sources */ = {isa = PBXBuildFile; fileRef = 6DB000E529624C13001653AF /* RMLocationViewController.swift */; };
		6DB000E829624C20001653AF /* RMEpisodeViewController.swift in Sources */ = {isa = PBXBuildFile; fileRef = 6DB000E729624C20001653AF /* RMEpisodeViewController.swift */; };
		6DB000EA29624C31001653AF /* RMSettingsViewController.swift in Sources */ = {isa = PBXBuildFile; fileRef = 6DB000E929624C31001653AF /* RMSettingsViewController.swift */; };
/* End PBXBuildFile section */

/* Begin PBXFileReference section */
		6DB000BE2962487B001653AF /* RickAndMortyApp.app */ = {isa = PBXFileReference; explicitFileType = wrapper.application; includeInIndex = 0; path = RickAndMortyApp.app; sourceTree = BUILT_PRODUCTS_DIR; };
		6DB000C12962487B001653AF /* AppDelegate.swift */ = {isa = PBXFileReference; lastKnownFileType = sourcecode.swift; path = AppDelegate.swift; sourceTree = "<group>"; };
		6DB000C32962487B001653AF /* SceneDelegate.swift */ = {isa = PBXFileReference; lastKnownFileType = sourcecode.swift; path = SceneDelegate.swift; sourceTree = "<group>"; };
		6DB000C52962487B001653AF /* RMTabBarController.swift */ = {isa = PBXFileReference; lastKnownFileType = sourcecode.swift; path = RMTabBarController.swift; sourceTree = "<group>"; };
		6DB000CA2962487B001653AF /* Assets.xcassets */ = {isa = PBXFileReference; lastKnownFileType = folder.assetcatalog; path = Assets.xcassets; sourceTree = "<group>"; };
		6DB000CD2962487B001653AF /* Base */ = {isa = PBXFileReference; lastKnownFileType = file.storyboard; name = Base; path = Base.lproj/LaunchScreen.storyboard; sourceTree = "<group>"; };
		6DB000CF2962487B001653AF /* Info.plist */ = {isa = PBXFileReference; lastKnownFileType = text.plist.xml; path = Info.plist; sourceTree = "<group>"; };
		6DB000DC29624B0D001653AF /* RMLocation.swift */ = {isa = PBXFileReference; lastKnownFileType = sourcecode.swift; path = RMLocation.swift; sourceTree = "<group>"; };
		6DB000DE29624B16001653AF /* RMCharacter.swift */ = {isa = PBXFileReference; lastKnownFileType = sourcecode.swift; path = RMCharacter.swift; sourceTree = "<group>"; };
		6DB000E029624B24001653AF /* RMEpisode.swift */ = {isa = PBXFileReference; lastKnownFileType = sourcecode.swift; path = RMEpisode.swift; sourceTree = "<group>"; };
		6DB000E329624BE7001653AF /* RMCharacterViewController.swift */ = {isa = PBXFileReference; lastKnownFileType = sourcecode.swift; path = RMCharacterViewController.swift; sourceTree = "<group>"; };
		6DB000E529624C13001653AF /* RMLocationViewController.swift */ = {isa = PBXFileReference; lastKnownFileType = sourcecode.swift; path = RMLocationViewController.swift; sourceTree = "<group>"; };
		6DB000E729624C20001653AF /* RMEpisodeViewController.swift */ = {isa = PBXFileReference; lastKnownFileType = sourcecode.swift; path = RMEpisodeViewController.swift; sourceTree = "<group>"; };
		6DB000E929624C31001653AF /* RMSettingsViewController.swift */ = {isa = PBXFileReference; lastKnownFileType = sourcecode.swift; path = RMSettingsViewController.swift; sourceTree = "<group>"; };
/* End PBXFileReference section */

/* Begin PBXFrameworksBuildPhase section */
		6DB000BB2962487B001653AF /* Frameworks */ = {
			isa = PBXFrameworksBuildPhase;
			buildActionMask = 2147483647;
			files = (
			);
			runOnlyForDeploymentPostprocessing = 0;
		};
/* End PBXFrameworksBuildPhase section */

/* Begin PBXGroup section */
		6DB000B52962487B001653AF = {
			isa = PBXGroup;
			children = (
				6DB000C02962487B001653AF /* RickAndMortyApp */,
				6DB000BF2962487B001653AF /* Products */,
			);
			sourceTree = "<group>";
		};
		6DB000BF2962487B001653AF /* Products */ = {
			isa = PBXGroup;
			children = (
				6DB000BE2962487B001653AF /* RickAndMortyApp.app */,
			);
			name = Products;
			sourceTree = "<group>";
		};
		6DB000C02962487B001653AF /* RickAndMortyApp */ = {
			isa = PBXGroup;
			children = (
				6DB000DB29624A92001653AF /* Resources */,
				6DB000DA29624A87001653AF /* APIClients */,
				6DB000D929624A78001653AF /* Managers */,
				6DB000D829624A5B001653AF /* Views */,
				6DB000D729624A4F001653AF /* Controllers */,
				6DB000D629624A38001653AF /* ViewModels */,
				6DB000D529624A22001653AF /* Models */,
				6DB000CF2962487B001653AF /* Info.plist */,
			);
			path = RickAndMortyApp;
			sourceTree = "<group>";
		};
		6DB000D529624A22001653AF /* Models */ = {
			isa = PBXGroup;
			children = (
				6DB000DC29624B0D001653AF /* RMLocation.swift */,
				6DB000DE29624B16001653AF /* RMCharacter.swift */,
				6DB000E029624B24001653AF /* RMEpisode.swift */,
			);
			path = Models;
			sourceTree = "<group>";
		};
		6DB000D629624A38001653AF /* ViewModels */ = {
			isa = PBXGroup;
			children = (
			);
			path = ViewModels;
			sourceTree = "<group>";
		};
		6DB000D729624A4F001653AF /* Controllers */ = {
			isa = PBXGroup;
			children = (
				6DB000E229624B9D001653AF /* Core */,
			);
			path = Controllers;
			sourceTree = "<group>";
		};
		6DB000D829624A5B001653AF /* Views */ = {
			isa = PBXGroup;
			children = (
			);
			path = Views;
			sourceTree = "<group>";
		};
		6DB000D929624A78001653AF /* Managers */ = {
			isa = PBXGroup;
			children = (
			);
			path = Managers;
			sourceTree = "<group>";
		};
		6DB000DA29624A87001653AF /* APIClients */ = {
			isa = PBXGroup;
			children = (
			);
			path = APIClients;
			sourceTree = "<group>";
		};
		6DB000DB29624A92001653AF /* Resources */ = {
			isa = PBXGroup;
			children = (
				6DB000CA2962487B001653AF /* Assets.xcassets */,
				6DB000CC2962487B001653AF /* LaunchScreen.storyboard */,
				6DB000C32962487B001653AF /* SceneDelegate.swift */,
				6DB000C12962487B001653AF /* AppDelegate.swift */,
			);
			path = Resources;
			sourceTree = "<group>";
		};
		6DB000E229624B9D001653AF /* Core */ = {
			isa = PBXGroup;
			children = (
				6DB000C52962487B001653AF /* RMTabBarController.swift */,
				6DB000E329624BE7001653AF /* RMCharacterViewController.swift */,
				6DB000E529624C13001653AF /* RMLocationViewController.swift */,
				6DB000E729624C20001653AF /* RMEpisodeViewController.swift */,
				6DB000E929624C31001653AF /* RMSettingsViewController.swift */,
			);
			path = Core;
			sourceTree = "<group>";
		};
/* End PBXGroup section */

/* Begin PBXNativeTarget section */
		6DB000BD2962487B001653AF /* RickAndMortyApp */ = {
			isa = PBXNativeTarget;
			buildConfigurationList = 6DB000D22962487B001653AF /* Build configuration list for PBXNativeTarget "RickAndMortyApp" */;
			buildPhases = (
				6DB000BA2962487B001653AF /* Sources */,
				6DB000BB2962487B001653AF /* Frameworks */,
				6DB000BC2962487B001653AF /* Resources */,
			);
			buildRules = (
			);
			dependencies = (
			);
			name = RickAndMortyApp;
			productName = RickAndMortyApp;
			productReference = 6DB000BE2962487B001653AF /* RickAndMortyApp.app */;
			productType = "com.apple.product-type.application";
		};
/* End PBXNativeTarget section */

/* Begin PBXProject section */
		6DB000B62962487B001653AF /* Project object */ = {
			isa = PBXProject;
			attributes = {
				BuildIndependentTargetsInParallel = 1;
				LastSwiftUpdateCheck = 1410;
				LastUpgradeCheck = 1410;
				TargetAttributes = {
					6DB000BD2962487B001653AF = {
						CreatedOnToolsVersion = 14.1;
					};
				};
			};
			buildConfigurationList = 6DB000B92962487B001653AF /* Build configuration list for PBXProject "RickAndMortyApp" */;
			compatibilityVersion = "Xcode 14.0";
			developmentRegion = en;
			hasScannedForEncodings = 0;
			knownRegions = (
				en,
				Base,
			);
			mainGroup = 6DB000B52962487B001653AF;
			productRefGroup = 6DB000BF2962487B001653AF /* Products */;
			projectDirPath = "";
			projectRoot = "";
			targets = (
				6DB000BD2962487B001653AF /* RickAndMortyApp */,
			);
		};
/* End PBXProject section */

/* Begin PBXResourcesBuildPhase section */
		6DB000BC2962487B001653AF /* Resources */ = {
			isa = PBXResourcesBuildPhase;
			buildActionMask = 2147483647;
			files = (
				6DB000CE2962487B001653AF /* LaunchScreen.storyboard in Resources */,
				6DB000CB2962487B001653AF /* Assets.xcassets in Resources */,
			);
			runOnlyForDeploymentPostprocessing = 0;
		};
/* End PBXResourcesBuildPhase section */

/* Begin PBXSourcesBuildPhase section */
		6DB000BA2962487B001653AF /* Sources */ = {
			isa = PBXSourcesBuildPhase;
			buildActionMask = 2147483647;
			files = (
				6DB000E629624C13001653AF /* RMLocationViewController.swift in Sources */,
				6DB000E129624B24001653AF /* RMEpisode.swift in Sources */,
				6DB000C62962487B001653AF /* RMTabBarController.swift in Sources */,
				6DB000E829624C20001653AF /* RMEpisodeViewController.swift in Sources */,
				6DB000C22962487B001653AF /* AppDelegate.swift in Sources */,
				6DB000C42962487B001653AF /* SceneDelegate.swift in Sources */,
				6DB000EA29624C31001653AF /* RMSettingsViewController.swift in Sources */,
				6DB000DD29624B0D001653AF /* RMLocation.swift in Sources */,
				6DB000DF29624B16001653AF /* RMCharacter.swift in Sources */,
				6DB000E429624BE7001653AF /* RMCharacterViewController.swift in Sources */,
			);
			runOnlyForDeploymentPostprocessing = 0;
		};
/* End PBXSourcesBuildPhase section */

/* Begin PBXVariantGroup section */
		6DB000CC2962487B001653AF /* LaunchScreen.storyboard */ = {
			isa = PBXVariantGroup;
			children = (
				6DB000CD2962487B001653AF /* Base */,
			);
			name = LaunchScreen.storyboard;
			sourceTree = "<group>";
		};
/* End PBXVariantGroup section */

/* Begin XCBuildConfiguration section */
		6DB000D02962487B001653AF /* Debug */ = {
			isa = XCBuildConfiguration;
			buildSettings = {
				ALWAYS_SEARCH_USER_PATHS = NO;
				CLANG_ANALYZER_NONNULL = YES;
				CLANG_ANALYZER_NUMBER_OBJECT_CONVERSION = YES_AGGRESSIVE;
				CLANG_CXX_LANGUAGE_STANDARD = "gnu++20";
				CLANG_ENABLE_MODULES = YES;
				CLANG_ENABLE_OBJC_ARC = YES;
				CLANG_ENABLE_OBJC_WEAK = YES;
				CLANG_WARN_BLOCK_CAPTURE_AUTORELEASING = YES;
				CLANG_WARN_BOOL_CONVERSION = YES;
				CLANG_WARN_COMMA = YES;
				CLANG_WARN_CONSTANT_CONVERSION = YES;
				CLANG_WARN_DEPRECATED_OBJC_IMPLEMENTATIONS = YES;
				CLANG_WARN_DIRECT_OBJC_ISA_USAGE = YES_ERROR;
				CLANG_WARN_DOCUMENTATION_COMMENTS = YES;
				CLANG_WARN_EMPTY_BODY = YES;
				CLANG_WARN_ENUM_CONVERSION = YES;
				CLANG_WARN_INFINITE_RECURSION = YES;
				CLANG_WARN_INT_CONVERSION = YES;
				CLANG_WARN_NON_LITERAL_NULL_CONVERSION = YES;
				CLANG_WARN_OBJC_IMPLICIT_RETAIN_SELF = YES;
				CLANG_WARN_OBJC_LITERAL_CONVERSION = YES;
				CLANG_WARN_OBJC_ROOT_CLASS = YES_ERROR;
				CLANG_WARN_QUOTED_INCLUDE_IN_FRAMEWORK_HEADER = YES;
				CLANG_WARN_RANGE_LOOP_ANALYSIS = YES;
				CLANG_WARN_STRICT_PROTOTYPES = YES;
				CLANG_WARN_SUSPICIOUS_MOVE = YES;
				CLANG_WARN_UNGUARDED_AVAILABILITY = YES_AGGRESSIVE;
				CLANG_WARN_UNREACHABLE_CODE = YES;
				CLANG_WARN__DUPLICATE_METHOD_MATCH = YES;
				COPY_PHASE_STRIP = NO;
				DEBUG_INFORMATION_FORMAT = dwarf;
				ENABLE_STRICT_OBJC_MSGSEND = YES;
				ENABLE_TESTABILITY = YES;
				GCC_C_LANGUAGE_STANDARD = gnu11;
				GCC_DYNAMIC_NO_PIC = NO;
				GCC_NO_COMMON_BLOCKS = YES;
				GCC_OPTIMIZATION_LEVEL = 0;
				GCC_PREPROCESSOR_DEFINITIONS = (
					"DEBUG=1",
					"$(inherited)",
				);
				GCC_WARN_64_TO_32_BIT_CONVERSION = YES;
				GCC_WARN_ABOUT_RETURN_TYPE = YES_ERROR;
				GCC_WARN_UNDECLARED_SELECTOR = YES;
				GCC_WARN_UNINITIALIZED_AUTOS = YES_AGGRESSIVE;
				GCC_WARN_UNUSED_FUNCTION = YES;
				GCC_WARN_UNUSED_VARIABLE = YES;
				IPHONEOS_DEPLOYMENT_TARGET = 16.1;
				MTL_ENABLE_DEBUG_INFO = INCLUDE_SOURCE;
				MTL_FAST_MATH = YES;
				ONLY_ACTIVE_ARCH = YES;
				SDKROOT = iphoneos;
				SWIFT_ACTIVE_COMPILATION_CONDITIONS = DEBUG;
				SWIFT_OPTIMIZATION_LEVEL = "-Onone";
			};
			name = Debug;
		};
		6DB000D12962487B001653AF /* Release */ = {
			isa = XCBuildConfiguration;
			buildSettings = {
				ALWAYS_SEARCH_USER_PATHS = NO;
				CLANG_ANALYZER_NONNULL = YES;
				CLANG_ANALYZER_NUMBER_OBJECT_CONVERSION = YES_AGGRESSIVE;
				CLANG_CXX_LANGUAGE_STANDARD = "gnu++20";
				CLANG_ENABLE_MODULES = YES;
				CLANG_ENABLE_OBJC_ARC = YES;
				CLANG_ENABLE_OBJC_WEAK = YES;
				CLANG_WARN_BLOCK_CAPTURE_AUTORELEASING = YES;
				CLANG_WARN_BOOL_CONVERSION = YES;
				CLANG_WARN_COMMA = YES;
				CLANG_WARN_CONSTANT_CONVERSION = YES;
				CLANG_WARN_DEPRECATED_OBJC_IMPLEMENTATIONS = YES;
				CLANG_WARN_DIRECT_OBJC_ISA_USAGE = YES_ERROR;
				CLANG_WARN_DOCUMENTATION_COMMENTS = YES;
				CLANG_WARN_EMPTY_BODY = YES;
				CLANG_WARN_ENUM_CONVERSION = YES;
				CLANG_WARN_INFINITE_RECURSION = YES;
				CLANG_WARN_INT_CONVERSION = YES;
				CLANG_WARN_NON_LITERAL_NULL_CONVERSION = YES;
				CLANG_WARN_OBJC_IMPLICIT_RETAIN_SELF = YES;
				CLANG_WARN_OBJC_LITERAL_CONVERSION = YES;
				CLANG_WARN_OBJC_ROOT_CLASS = YES_ERROR;
				CLANG_WARN_QUOTED_INCLUDE_IN_FRAMEWORK_HEADER = YES;
				CLANG_WARN_RANGE_LOOP_ANALYSIS = YES;
				CLANG_WARN_STRICT_PROTOTYPES = YES;
				CLANG_WARN_SUSPICIOUS_MOVE = YES;
				CLANG_WARN_UNGUARDED_AVAILABILITY = YES_AGGRESSIVE;
				CLANG_WARN_UNREACHABLE_CODE = YES;
				CLANG_WARN__DUPLICATE_METHOD_MATCH = YES;
				COPY_PHASE_STRIP = NO;
				DEBUG_INFORMATION_FORMAT = "dwarf-with-dsym";
				ENABLE_NS_ASSERTIONS = NO;
				ENABLE_STRICT_OBJC_MSGSEND = YES;
				GCC_C_LANGUAGE_STANDARD = gnu11;
				GCC_NO_COMMON_BLOCKS = YES;
				GCC_WARN_64_TO_32_BIT_CONVERSION = YES;
				GCC_WARN_ABOUT_RETURN_TYPE = YES_ERROR;
				GCC_WARN_UNDECLARED_SELECTOR = YES;
				GCC_WARN_UNINITIALIZED_AUTOS = YES_AGGRESSIVE;
				GCC_WARN_UNUSED_FUNCTION = YES;
				GCC_WARN_UNUSED_VARIABLE = YES;
				IPHONEOS_DEPLOYMENT_TARGET = 16.1;
				MTL_ENABLE_DEBUG_INFO = NO;
				MTL_FAST_MATH = YES;
				SDKROOT = iphoneos;
				SWIFT_COMPILATION_MODE = wholemodule;
				SWIFT_OPTIMIZATION_LEVEL = "-O";
				VALIDATE_PRODUCT = YES;
			};
			name = Release;
		};
		6DB000D32962487B001653AF /* Debug */ = {
			isa = XCBuildConfiguration;
			buildSettings = {
				ASSETCATALOG_COMPILER_APPICON_NAME = AppIcon;
				ASSETCATALOG_COMPILER_GLOBAL_ACCENT_COLOR_NAME = AccentColor;
				CODE_SIGN_STYLE = Automatic;
				CURRENT_PROJECT_VERSION = 1;
				DEVELOPMENT_TEAM = HF49JX687L;
				GENERATE_INFOPLIST_FILE = YES;
				INFOPLIST_FILE = RickAndMortyApp/Info.plist;
				INFOPLIST_KEY_UIApplicationSupportsIndirectInputEvents = YES;
				INFOPLIST_KEY_UILaunchStoryboardName = LaunchScreen;
				INFOPLIST_KEY_UISupportedInterfaceOrientations_iPad = "UIInterfaceOrientationPortrait UIInterfaceOrientationPortraitUpsideDown UIInterfaceOrientationLandscapeLeft UIInterfaceOrientationLandscapeRight";
				INFOPLIST_KEY_UISupportedInterfaceOrientations_iPhone = "UIInterfaceOrientationPortrait UIInterfaceOrientationLandscapeLeft UIInterfaceOrientationLandscapeRight";
				LD_RUNPATH_SEARCH_PATHS = (
					"$(inherited)",
					"@executable_path/Frameworks",
				);
				MARKETING_VERSION = 1.0;
				PRODUCT_BUNDLE_IDENTIFIER = com.gmail.1997.av.mukhin.RickAndMortyApp.RickAndMortyApp;
				PRODUCT_NAME = "$(TARGET_NAME)";
				SWIFT_EMIT_LOC_STRINGS = YES;
				SWIFT_VERSION = 5.0;
				TARGETED_DEVICE_FAMILY = "1,2";
			};
			name = Debug;
		};
		6DB000D42962487B001653AF /* Release */ = {
			isa = XCBuildConfiguration;
			buildSettings = {
				ASSETCATALOG_COMPILER_APPICON_NAME = AppIcon;
				ASSETCATALOG_COMPILER_GLOBAL_ACCENT_COLOR_NAME = AccentColor;
				CODE_SIGN_STYLE = Automatic;
				CURRENT_PROJECT_VERSION = 1;
				DEVELOPMENT_TEAM = HF49JX687L;
				GENERATE_INFOPLIST_FILE = YES;
				INFOPLIST_FILE = RickAndMortyApp/Info.plist;
				INFOPLIST_KEY_UIApplicationSupportsIndirectInputEvents = YES;
				INFOPLIST_KEY_UILaunchStoryboardName = LaunchScreen;
				INFOPLIST_KEY_UISupportedInterfaceOrientations_iPad = "UIInterfaceOrientationPortrait UIInterfaceOrientationPortraitUpsideDown UIInterfaceOrientationLandscapeLeft UIInterfaceOrientationLandscapeRight";
				INFOPLIST_KEY_UISupportedInterfaceOrientations_iPhone = "UIInterfaceOrientationPortrait UIInterfaceOrientationLandscapeLeft UIInterfaceOrientationLandscapeRight";
				LD_RUNPATH_SEARCH_PATHS = (
					"$(inherited)",
					"@executable_path/Frameworks",
				);
				MARKETING_VERSION = 1.0;
				PRODUCT_BUNDLE_IDENTIFIER = com.gmail.1997.av.mukhin.RickAndMortyApp.RickAndMortyApp;
				PRODUCT_NAME = "$(TARGET_NAME)";
				SWIFT_EMIT_LOC_STRINGS = YES;
				SWIFT_VERSION = 5.0;
				TARGETED_DEVICE_FAMILY = "1,2";
			};
			name = Release;
		};
/* End XCBuildConfiguration section */

/* Begin XCConfigurationList section */
		6DB000B92962487B001653AF /* Build configuration list for PBXProject "RickAndMortyApp" */ = {
			isa = XCConfigurationList;
			buildConfigurations = (
				6DB000D02962487B001653AF /* Debug */,
				6DB000D12962487B001653AF /* Release */,
			);
			defaultConfigurationIsVisible = 0;
			defaultConfigurationName = Release;
		};
		6DB000D22962487B001653AF /* Build configuration list for PBXNativeTarget "RickAndMortyApp" */ = {
			isa = XCConfigurationList;
			buildConfigurations = (
				6DB000D32962487B001653AF /* Debug */,
				6DB000D42962487B001653AF /* Release */,
			);
			defaultConfigurationIsVisible = 0;
			defaultConfigurationName = Release;
		};
/* End XCConfigurationList section */
	};
	rootObject = 6DB000B62962487B001653AF /* Project object */;
}
